
Microsoft Visual Studio Solution File, Format Version 12.00
# Visual Studio 15
VisualStudioVersion = 15.0.28010.2048
MinimumVisualStudioVersion = 10.0.40219.1
Project("{FAE04EC0-301F-11D3-BF4B-00C04F79EFBC}") = "Proj5-targil3", "Proj5-targil3\Proj5-targil3.csproj", "{52930262-EE74-485D-87E6-9CD66811ADB4}"
EndProject
Global
	GlobalSection(SolutionConfigurationPlatforms) = preSolution
		Debug|Any CPU = Debug|Any CPU
		Release|Any CPU = Release|Any CPU
	EndGlobalSection
	GlobalSection(ProjectConfigurationPlatforms) = postSolution
		{52930262-EE74-485D-87E6-9CD66811ADB4}.Debug|Any CPU.ActiveCfg = Debug|Any CPU
		{52930262-EE74-485D-87E6-9CD66811ADB4}.Debug|Any CPU.Build.0 = Debug|Any CPU
		{52930262-EE74-485D-87E6-9CD66811ADB4}.Release|Any CPU.ActiveCfg = Release|Any CPU
		{52930262-EE74-485D-87E6-9CD66811ADB4}.Release|Any CPU.Build.0 = Release|Any CPU
	EndGlobalSection
	GlobalSection(SolutionProperties) = preSolution
		HideSolutionNode = FALSE
	EndGlobalSection
	GlobalSection(ExtensibilityGlobals) = postSolution
		SolutionGuid = {DC84F6A1-5603-47B0-ABBF-7FC1FC70964E}
	EndGlobalSection
EndGlobal
